
Microsoft Visual Studio Solution File, Format Version 12.00
# Visual Studio Version 17
VisualStudioVersion = 17.9.34723.18
MinimumVisualStudioVersion = 10.0.40219.1
Project("{9A19103F-16F7-4668-BE54-9A1E7A4F7556}") = "learn_maui", "learn_maui.csproj", "{EB06B4E3-2722-4DFB-956A-3F932B2AD962}"
EndProject
Global
	GlobalSection(SolutionConfigurationPlatforms) = preSolution
		Debug|Any CPU = Debug|Any CPU
		Release|Any CPU = Release|Any CPU
	EndGlobalSection
	GlobalSection(ProjectConfigurationPlatforms) = postSolution
		{EB06B4E3-2722-4DFB-956A-3F932B2AD962}.Debug|Any CPU.ActiveCfg = Debug|Any CPU
		{EB06B4E3-2722-4DFB-956A-3F932B2AD962}.Debug|Any CPU.Build.0 = Debug|Any CPU
		{EB06B4E3-2722-4DFB-956A-3F932B2AD962}.Debug|Any CPU.Deploy.0 = Debug|Any CPU
		{EB06B4E3-2722-4DFB-956A-3F932B2AD962}.Release|Any CPU.ActiveCfg = Release|Any CPU
		{EB06B4E3-2722-4DFB-956A-3F932B2AD962}.Release|Any CPU.Build.0 = Release|Any CPU
		{EB06B4E3-2722-4DFB-956A-3F932B2AD962}.Release|Any CPU.Deploy.0 = Release|Any CPU
	EndGlobalSection
	GlobalSection(SolutionProperties) = preSolution
		HideSolutionNode = FALSE
	EndGlobalSection
	GlobalSection(ExtensibilityGlobals) = postSolution
		SolutionGuid = {2C5D463D-78C2-4B7D-9985-5DE77A5EDE5E}
	EndGlobalSection
EndGlobal
